
Microsoft Visual Studio Solution File, Format Version 12.00
# Visual Studio 14
VisualStudioVersion = 14.0.24720.0
MinimumVisualStudioVersion = 10.0.40219.1
Project("{2150E333-8FDC-42A3-9474-1A3956D46DE8}") = "Cloud", "Cloud", "{F01CF3D9-B2B8-486C-B7CC-E40A23CEAAA2}"
EndProject
Project("{2150E333-8FDC-42A3-9474-1A3956D46DE8}") = "Client", "Client", "{68DAE16F-92BC-40F0-BC86-171538E4555D}"
EndProject
Project("{A07B5EB6-E848-4116-A8D0-A826331D98C6}") = "QLearningServiceFab", "Cloud\QLearningServiceFab\QLearningServiceFab.sfproj", "{1AC5E82C-5CB0-4446-AAE6-F922284B2D03}"
EndProject
Project("{FAE04EC0-301F-11D3-BF4B-00C04F79EFBC}") = "QLearningServiceFab.Actors", "Cloud\QLearningServiceFab.Actors\QLearningServiceFab.Actors.csproj", "{7007A49E-77CE-452B-9DB6-184082ACF947}"
EndProject
Project("{FAE04EC0-301F-11D3-BF4B-00C04F79EFBC}") = "QLearningServiceFab.Actors.Interfaces", "Cloud\QLearningServiceFab.Actors.Interfaces\QLearningServiceFab.Actors.Interfaces.csproj", "{C8BC955A-3B5D-4D01-AA6A-F664C730D1F5}"
EndProject
Project("{2150E333-8FDC-42A3-9474-1A3956D46DE8}") = "TicTacToeUtil", "TicTacToeUtil", "{3A139F7A-DF93-49AF-8FB2-AC30F9E11C45}"
EndProject
Project("{FAE04EC0-301F-11D3-BF4B-00C04F79EFBC}") = "TicTacToeGameUtil", "TicTacToeUtil\TicTacToeGameUtil\TicTacToeGameUtil.csproj", "{803910C2-59D1-4CDE-9DB4-18D69F84038D}"
EndProject
Project("{FAE04EC0-301F-11D3-BF4B-00C04F79EFBC}") = "TicTacToeGameUtil.Test", "TicTacToeUtil\TicTacToeGameUtil.Test\TicTacToeGameUtil.Test.csproj", "{FF6E5D49-C2B3-46B7-9857-25F7D7D20268}"
EndProject
Project("{A07B5EB6-E848-4116-A8D0-A826331D98C6}") = "QLearningAPI", "Cloud\QLearningAPI\QLearningAPI.sfproj", "{517FA7D3-A82D-4EAD-B4E9-A7821AFAD57A}"
EndProject
Project("{8BB2217D-0F2D-49D1-97BC-3654ED321F3B}") = "QAPI", "QAPI\QAPI.xproj", "{70BA8ECC-188A-4A1B-9FD1-D6CD11A4AB48}"
EndProject
Project("{FAE04EC0-301F-11D3-BF4B-00C04F79EFBC}") = "QTicTacToe", "Client\QTicTacToe\QTicTacToe.csproj", "{F9DA9794-1391-40FD-8616-BC01E6B8F541}"
EndProject
Global
	GlobalSection(SolutionConfigurationPlatforms) = preSolution
		Debug|Any CPU = Debug|Any CPU
		Debug|ARM = Debug|ARM
		Debug|x64 = Debug|x64
		Debug|x86 = Debug|x86
		Release|Any CPU = Release|Any CPU
		Release|ARM = Release|ARM
		Release|x64 = Release|x64
		Release|x86 = Release|x86
	EndGlobalSection
	GlobalSection(ProjectConfigurationPlatforms) = postSolution
		{1AC5E82C-5CB0-4446-AAE6-F922284B2D03}.Debug|Any CPU.ActiveCfg = Debug|x64
		{1AC5E82C-5CB0-4446-AAE6-F922284B2D03}.Debug|ARM.ActiveCfg = Debug|x64
		{1AC5E82C-5CB0-4446-AAE6-F922284B2D03}.Debug|x64.ActiveCfg = Debug|x64
		{1AC5E82C-5CB0-4446-AAE6-F922284B2D03}.Debug|x64.Build.0 = Debug|x64
		{1AC5E82C-5CB0-4446-AAE6-F922284B2D03}.Debug|x64.Deploy.0 = Debug|x64
		{1AC5E82C-5CB0-4446-AAE6-F922284B2D03}.Debug|x86.ActiveCfg = Debug|x64
		{1AC5E82C-5CB0-4446-AAE6-F922284B2D03}.Release|Any CPU.ActiveCfg = Release|x64
		{1AC5E82C-5CB0-4446-AAE6-F922284B2D03}.Release|ARM.ActiveCfg = Release|x64
		{1AC5E82C-5CB0-4446-AAE6-F922284B2D03}.Release|x64.ActiveCfg = Release|x64
		{1AC5E82C-5CB0-4446-AAE6-F922284B2D03}.Release|x64.Build.0 = Release|x64
		{1AC5E82C-5CB0-4446-AAE6-F922284B2D03}.Release|x64.Deploy.0 = Release|x64
		{1AC5E82C-5CB0-4446-AAE6-F922284B2D03}.Release|x86.ActiveCfg = Release|x64
		{7007A49E-77CE-452B-9DB6-184082ACF947}.Debug|Any CPU.ActiveCfg = Debug|x64
		{7007A49E-77CE-452B-9DB6-184082ACF947}.Debug|ARM.ActiveCfg = Debug|x64
		{7007A49E-77CE-452B-9DB6-184082ACF947}.Debug|x64.ActiveCfg = Debug|x64
		{7007A49E-77CE-452B-9DB6-184082ACF947}.Debug|x64.Build.0 = Debug|x64
		{7007A49E-77CE-452B-9DB6-184082ACF947}.Debug|x86.ActiveCfg = Debug|x64
		{7007A49E-77CE-452B-9DB6-184082ACF947}.Release|Any CPU.ActiveCfg = Release|x64
		{7007A49E-77CE-452B-9DB6-184082ACF947}.Release|ARM.ActiveCfg = Release|x64
		{7007A49E-77CE-452B-9DB6-184082ACF947}.Release|x64.ActiveCfg = Release|x64
		{7007A49E-77CE-452B-9DB6-184082ACF947}.Release|x64.Build.0 = Release|x64
		{7007A49E-77CE-452B-9DB6-184082ACF947}.Release|x86.ActiveCfg = Release|x64
		{C8BC955A-3B5D-4D01-AA6A-F664C730D1F5}.Debug|Any CPU.ActiveCfg = Debug|x64
		{C8BC955A-3B5D-4D01-AA6A-F664C730D1F5}.Debug|ARM.ActiveCfg = Debug|x64
		{C8BC955A-3B5D-4D01-AA6A-F664C730D1F5}.Debug|x64.ActiveCfg = Debug|x64
		{C8BC955A-3B5D-4D01-AA6A-F664C730D1F5}.Debug|x64.Build.0 = Debug|x64
		{C8BC955A-3B5D-4D01-AA6A-F664C730D1F5}.Debug|x86.ActiveCfg = Debug|x64
		{C8BC955A-3B5D-4D01-AA6A-F664C730D1F5}.Release|Any CPU.ActiveCfg = Release|x64
		{C8BC955A-3B5D-4D01-AA6A-F664C730D1F5}.Release|ARM.ActiveCfg = Release|x64
		{C8BC955A-3B5D-4D01-AA6A-F664C730D1F5}.Release|x64.ActiveCfg = Release|x64
		{C8BC955A-3B5D-4D01-AA6A-F664C730D1F5}.Release|x64.Build.0 = Release|x64
		{C8BC955A-3B5D-4D01-AA6A-F664C730D1F5}.Release|x86.ActiveCfg = Release|x64
		{803910C2-59D1-4CDE-9DB4-18D69F84038D}.Debug|Any CPU.ActiveCfg = Debug|Any CPU
		{803910C2-59D1-4CDE-9DB4-18D69F84038D}.Debug|Any CPU.Build.0 = Debug|Any CPU
		{803910C2-59D1-4CDE-9DB4-18D69F84038D}.Debug|ARM.ActiveCfg = Debug|Any CPU
		{803910C2-59D1-4CDE-9DB4-18D69F84038D}.Debug|ARM.Build.0 = Debug|Any CPU
		{803910C2-59D1-4CDE-9DB4-18D69F84038D}.Debug|x64.ActiveCfg = Debug|Any CPU
		{803910C2-59D1-4CDE-9DB4-18D69F84038D}.Debug|x64.Build.0 = Debug|Any CPU
		{803910C2-59D1-4CDE-9DB4-18D69F84038D}.Debug|x86.ActiveCfg = Debug|Any CPU
		{803910C2-59D1-4CDE-9DB4-18D69F84038D}.Debug|x86.Build.0 = Debug|Any CPU
		{803910C2-59D1-4CDE-9DB4-18D69F84038D}.Release|Any CPU.ActiveCfg = Release|Any CPU
		{803910C2-59D1-4CDE-9DB4-18D69F84038D}.Release|Any CPU.Build.0 = Release|Any CPU
		{803910C2-59D1-4CDE-9DB4-18D69F84038D}.Release|ARM.ActiveCfg = Release|Any CPU
		{803910C2-59D1-4CDE-9DB4-18D69F84038D}.Release|ARM.Build.0 = Release|Any CPU
		{803910C2-59D1-4CDE-9DB4-18D69F84038D}.Release|x64.ActiveCfg = Release|Any CPU
		{803910C2-59D1-4CDE-9DB4-18D69F84038D}.Release|x64.Build.0 = Release|Any CPU
		{803910C2-59D1-4CDE-9DB4-18D69F84038D}.Release|x86.ActiveCfg = Release|Any CPU
		{803910C2-59D1-4CDE-9DB4-18D69F84038D}.Release|x86.Build.0 = Release|Any CPU
		{FF6E5D49-C2B3-46B7-9857-25F7D7D20268}.Debug|Any CPU.ActiveCfg = Debug|Any CPU
		{FF6E5D49-C2B3-46B7-9857-25F7D7D20268}.Debug|Any CPU.Build.0 = Debug|Any CPU
		{FF6E5D49-C2B3-46B7-9857-25F7D7D20268}.Debug|ARM.ActiveCfg = Debug|Any CPU
		{FF6E5D49-C2B3-46B7-9857-25F7D7D20268}.Debug|ARM.Build.0 = Debug|Any CPU
		{FF6E5D49-C2B3-46B7-9857-25F7D7D20268}.Debug|x64.ActiveCfg = Debug|Any CPU
		{FF6E5D49-C2B3-46B7-9857-25F7D7D20268}.Debug|x64.Build.0 = Debug|Any CPU
		{FF6E5D49-C2B3-46B7-9857-25F7D7D20268}.Debug|x86.ActiveCfg = Debug|Any CPU
		{FF6E5D49-C2B3-46B7-9857-25F7D7D20268}.Debug|x86.Build.0 = Debug|Any CPU
		{FF6E5D49-C2B3-46B7-9857-25F7D7D20268}.Release|Any CPU.ActiveCfg = Release|Any CPU
		{FF6E5D49-C2B3-46B7-9857-25F7D7D20268}.Release|Any CPU.Build.0 = Release|Any CPU
		{FF6E5D49-C2B3-46B7-9857-25F7D7D20268}.Release|ARM.ActiveCfg = Release|Any CPU
		{FF6E5D49-C2B3-46B7-9857-25F7D7D20268}.Release|ARM.Build.0 = Release|Any CPU
		{FF6E5D49-C2B3-46B7-9857-25F7D7D20268}.Release|x64.ActiveCfg = Release|Any CPU
		{FF6E5D49-C2B3-46B7-9857-25F7D7D20268}.Release|x64.Build.0 = Release|Any CPU
		{FF6E5D49-C2B3-46B7-9857-25F7D7D20268}.Release|x86.ActiveCfg = Release|Any CPU
		{FF6E5D49-C2B3-46B7-9857-25F7D7D20268}.Release|x86.Build.0 = Release|Any CPU
		{517FA7D3-A82D-4EAD-B4E9-A7821AFAD57A}.Debug|Any CPU.ActiveCfg = Debug|x64
		{517FA7D3-A82D-4EAD-B4E9-A7821AFAD57A}.Debug|ARM.ActiveCfg = Debug|x64
		{517FA7D3-A82D-4EAD-B4E9-A7821AFAD57A}.Debug|x64.ActiveCfg = Debug|x64
		{517FA7D3-A82D-4EAD-B4E9-A7821AFAD57A}.Debug|x64.Build.0 = Debug|x64
		{517FA7D3-A82D-4EAD-B4E9-A7821AFAD57A}.Debug|x64.Deploy.0 = Debug|x64
		{517FA7D3-A82D-4EAD-B4E9-A7821AFAD57A}.Debug|x86.ActiveCfg = Debug|x64
		{517FA7D3-A82D-4EAD-B4E9-A7821AFAD57A}.Release|Any CPU.ActiveCfg = Release|x64
		{517FA7D3-A82D-4EAD-B4E9-A7821AFAD57A}.Release|ARM.ActiveCfg = Release|x64
		{517FA7D3-A82D-4EAD-B4E9-A7821AFAD57A}.Release|x64.ActiveCfg = Release|x64
		{517FA7D3-A82D-4EAD-B4E9-A7821AFAD57A}.Release|x64.Build.0 = Release|x64
		{517FA7D3-A82D-4EAD-B4E9-A7821AFAD57A}.Release|x64.Deploy.0 = Release|x64
		{517FA7D3-A82D-4EAD-B4E9-A7821AFAD57A}.Release|x86.ActiveCfg = Release|x64
		{70BA8ECC-188A-4A1B-9FD1-D6CD11A4AB48}.Debug|Any CPU.ActiveCfg = Debug|Any CPU
		{70BA8ECC-188A-4A1B-9FD1-D6CD11A4AB48}.Debug|Any CPU.Build.0 = Debug|Any CPU
		{70BA8ECC-188A-4A1B-9FD1-D6CD11A4AB48}.Debug|ARM.ActiveCfg = Debug|Any CPU
		{70BA8ECC-188A-4A1B-9FD1-D6CD11A4AB48}.Debug|ARM.Build.0 = Debug|Any CPU
		{70BA8ECC-188A-4A1B-9FD1-D6CD11A4AB48}.Debug|x64.ActiveCfg = Debug|Any CPU
		{70BA8ECC-188A-4A1B-9FD1-D6CD11A4AB48}.Debug|x64.Build.0 = Debug|Any CPU
		{70BA8ECC-188A-4A1B-9FD1-D6CD11A4AB48}.Debug|x86.ActiveCfg = Debug|Any CPU
		{70BA8ECC-188A-4A1B-9FD1-D6CD11A4AB48}.Debug|x86.Build.0 = Debug|Any CPU
		{70BA8ECC-188A-4A1B-9FD1-D6CD11A4AB48}.Release|Any CPU.ActiveCfg = Release|Any CPU
		{70BA8ECC-188A-4A1B-9FD1-D6CD11A4AB48}.Release|Any CPU.Build.0 = Release|Any CPU
		{70BA8ECC-188A-4A1B-9FD1-D6CD11A4AB48}.Release|ARM.ActiveCfg = Release|Any CPU
		{70BA8ECC-188A-4A1B-9FD1-D6CD11A4AB48}.Release|ARM.Build.0 = Release|Any CPU
		{70BA8ECC-188A-4A1B-9FD1-D6CD11A4AB48}.Release|x64.ActiveCfg = Release|Any CPU
		{70BA8ECC-188A-4A1B-9FD1-D6CD11A4AB48}.Release|x64.Build.0 = Release|Any CPU
		{70BA8ECC-188A-4A1B-9FD1-D6CD11A4AB48}.Release|x86.ActiveCfg = Release|Any CPU
		{70BA8ECC-188A-4A1B-9FD1-D6CD11A4AB48}.Release|x86.Build.0 = Release|Any CPU
		{F9DA9794-1391-40FD-8616-BC01E6B8F541}.Debug|Any CPU.ActiveCfg = Debug|x86
		{F9DA9794-1391-40FD-8616-BC01E6B8F541}.Debug|ARM.ActiveCfg = Debug|ARM
		{F9DA9794-1391-40FD-8616-BC01E6B8F541}.Debug|ARM.Build.0 = Debug|ARM
		{F9DA9794-1391-40FD-8616-BC01E6B8F541}.Debug|ARM.Deploy.0 = Debug|ARM
		{F9DA9794-1391-40FD-8616-BC01E6B8F541}.Debug|x64.ActiveCfg = Debug|x64
		{F9DA9794-1391-40FD-8616-BC01E6B8F541}.Debug|x64.Build.0 = Debug|x64
		{F9DA9794-1391-40FD-8616-BC01E6B8F541}.Debug|x64.Deploy.0 = Debug|x64
		{F9DA9794-1391-40FD-8616-BC01E6B8F541}.Debug|x86.ActiveCfg = Debug|x86
		{F9DA9794-1391-40FD-8616-BC01E6B8F541}.Debug|x86.Build.0 = Debug|x86
		{F9DA9794-1391-40FD-8616-BC01E6B8F541}.Debug|x86.Deploy.0 = Debug|x86
		{F9DA9794-1391-40FD-8616-BC01E6B8F541}.Release|Any CPU.ActiveCfg = Release|x86
		{F9DA9794-1391-40FD-8616-BC01E6B8F541}.Release|ARM.ActiveCfg = Release|ARM
		{F9DA9794-1391-40FD-8616-BC01E6B8F541}.Release|ARM.Build.0 = Release|ARM
		{F9DA9794-1391-40FD-8616-BC01E6B8F541}.Release|ARM.Deploy.0 = Release|ARM
		{F9DA9794-1391-40FD-8616-BC01E6B8F541}.Release|x64.ActiveCfg = Release|x64
		{F9DA9794-1391-40FD-8616-BC01E6B8F541}.Release|x64.Build.0 = Release|x64
		{F9DA9794-1391-40FD-8616-BC01E6B8F541}.Release|x64.Deploy.0 = Release|x64
		{F9DA9794-1391-40FD-8616-BC01E6B8F541}.Release|x86.ActiveCfg = Release|x86
		{F9DA9794-1391-40FD-8616-BC01E6B8F541}.Release|x86.Build.0 = Release|x86
		{F9DA9794-1391-40FD-8616-BC01E6B8F541}.Release|x86.Deploy.0 = Release|x86
	EndGlobalSection
	GlobalSection(SolutionProperties) = preSolution
		HideSolutionNode = FALSE
	EndGlobalSection
	GlobalSection(NestedProjects) = preSolution
		{1AC5E82C-5CB0-4446-AAE6-F922284B2D03} = {F01CF3D9-B2B8-486C-B7CC-E40A23CEAAA2}
		{7007A49E-77CE-452B-9DB6-184082ACF947} = {F01CF3D9-B2B8-486C-B7CC-E40A23CEAAA2}
		{C8BC955A-3B5D-4D01-AA6A-F664C730D1F5} = {F01CF3D9-B2B8-486C-B7CC-E40A23CEAAA2}
		{803910C2-59D1-4CDE-9DB4-18D69F84038D} = {3A139F7A-DF93-49AF-8FB2-AC30F9E11C45}
		{FF6E5D49-C2B3-46B7-9857-25F7D7D20268} = {3A139F7A-DF93-49AF-8FB2-AC30F9E11C45}
		{517FA7D3-A82D-4EAD-B4E9-A7821AFAD57A} = {F01CF3D9-B2B8-486C-B7CC-E40A23CEAAA2}
		{70BA8ECC-188A-4A1B-9FD1-D6CD11A4AB48} = {F01CF3D9-B2B8-486C-B7CC-E40A23CEAAA2}
		{F9DA9794-1391-40FD-8616-BC01E6B8F541} = {68DAE16F-92BC-40F0-BC86-171538E4555D}
	EndGlobalSection
EndGlobal
